
Microsoft Visual Studio Solution File, Format Version 11.00
# Visual Studio 2010
Project("{FAE04EC0-301F-11D3-BF4B-00C04F79EFBC}") = "ProjectConceptGame", "ProjectConceptGame\ProjectConceptGame\ProjectConceptGame.csproj", "{FAC7092D-7E58-4AEF-9161-C2D57C2A6DE9}"
EndProject
Project("{96E2B04D-8817-42C6-938A-82C39BA4D311}") = "ProjectConceptGameContent", "ProjectConceptGame\ProjectConceptGameContent\ProjectConceptGameContent.contentproj", "{ECBE7E11-FA4A-4520-89DD-5A0348F6A921}"
EndProject
Global
	GlobalSection(SolutionConfigurationPlatforms) = preSolution
		Debug|x86 = Debug|x86
		Release|x86 = Release|x86
	EndGlobalSection
	GlobalSection(ProjectConfigurationPlatforms) = postSolution
		{FAC7092D-7E58-4AEF-9161-C2D57C2A6DE9}.Debug|x86.ActiveCfg = Debug|x86
		{FAC7092D-7E58-4AEF-9161-C2D57C2A6DE9}.Debug|x86.Build.0 = Debug|x86
		{FAC7092D-7E58-4AEF-9161-C2D57C2A6DE9}.Release|x86.ActiveCfg = Release|x86
		{FAC7092D-7E58-4AEF-9161-C2D57C2A6DE9}.Release|x86.Build.0 = Release|x86
		{ECBE7E11-FA4A-4520-89DD-5A0348F6A921}.Debug|x86.ActiveCfg = Debug|x86
		{ECBE7E11-FA4A-4520-89DD-5A0348F6A921}.Release|x86.ActiveCfg = Release|x86
	EndGlobalSection
	GlobalSection(SolutionProperties) = preSolution
		HideSolutionNode = FALSE
	EndGlobalSection
EndGlobal
